
Microsoft Visual Studio Solution File, Format Version 12.00
# Visual Studio Version 17
VisualStudioVersion = 17.1.32319.34
MinimumVisualStudioVersion = 10.0.40219.1
Project("{9A19103F-16F7-4668-BE54-9A1E7A4F7556}") = "CAD.DataAccess", "CAD.DataAccess.csproj", "{4813624A-15F0-461D-8A80-FF90CD15AAEB}"
EndProject
Global
	GlobalSection(SolutionConfigurationPlatforms) = preSolution
		Debug|Any CPU = Debug|Any CPU
		Release|Any CPU = Release|Any CPU
	EndGlobalSection
	GlobalSection(ProjectConfigurationPlatforms) = postSolution
		{4813624A-15F0-461D-8A80-FF90CD15AAEB}.Debug|Any CPU.ActiveCfg = Debug|Any CPU
		{4813624A-15F0-461D-8A80-FF90CD15AAEB}.Debug|Any CPU.Build.0 = Debug|Any CPU
		{4813624A-15F0-461D-8A80-FF90CD15AAEB}.Release|Any CPU.ActiveCfg = Release|Any CPU
		{4813624A-15F0-461D-8A80-FF90CD15AAEB}.Release|Any CPU.Build.0 = Release|Any CPU
	EndGlobalSection
	GlobalSection(SolutionProperties) = preSolution
		HideSolutionNode = FALSE
	EndGlobalSection
	GlobalSection(ExtensibilityGlobals) = postSolution
		SolutionGuid = {167459ED-A78C-4A1D-B4C3-EE307E1151FF}
	EndGlobalSection
EndGlobal
