
Microsoft Visual Studio Solution File, Format Version 12.00
# Visual Studio Version 17
VisualStudioVersion = 17.0.31903.59
MinimumVisualStudioVersion = 10.0.40219.1
Project("{FAE04EC0-301F-11D3-BF4B-00C04F79EFBC}") = "DataAccess", "DataAccess.csproj", "{3057B754-DF8A-429D-801D-FEDABEC7A09D}"
EndProject
Global
	GlobalSection(SolutionConfigurationPlatforms) = preSolution
		Debug|Any CPU = Debug|Any CPU
		Release|Any CPU = Release|Any CPU
	EndGlobalSection
	GlobalSection(ProjectConfigurationPlatforms) = postSolution
		{3057B754-DF8A-429D-801D-FEDABEC7A09D}.Debug|Any CPU.ActiveCfg = Debug|Any CPU
		{3057B754-DF8A-429D-801D-FEDABEC7A09D}.Debug|Any CPU.Build.0 = Debug|Any CPU
		{3057B754-DF8A-429D-801D-FEDABEC7A09D}.Release|Any CPU.ActiveCfg = Release|Any CPU
		{3057B754-DF8A-429D-801D-FEDABEC7A09D}.Release|Any CPU.Build.0 = Release|Any CPU
	EndGlobalSection
	GlobalSection(SolutionProperties) = preSolution
		HideSolutionNode = FALSE
	EndGlobalSection
	GlobalSection(ExtensibilityGlobals) = postSolution
		SolutionGuid = {89DBDC7E-94E0-42C0-AC54-881D3C93FB66}
	EndGlobalSection
EndGlobal
